{
  "name": "base-x-benchmark",
  "version": "0.0.0",
  "lockfileVersion": 2,
  "requires": true,
  "packages": {
    "": {
      "name": "base-x-benchmark",
      "version": "0.0.0",
      "license": "MIT",
      "dependencies": {
        "benchmark": "^1.0.0",
        "xorshift.js": "^1.0.3"
      }
    },
    "node_modules/benchmark": {
      "version": "1.0.0",
      "resolved": "https://registry.npmjs.org/benchmark/-/benchmark-1.0.0.tgz",
      "integrity": "sha512-qSlOi0If8sI+icu3l/W5rd4R0etJz9orLPWpDdt1lPgEFzEHYYnkfMuotj+Lx5SyMkmfawlPoW9RmoEm19ziHA==",
      "engines": [
        "node",
        "rhino"
      ]
    },
    "node_modules/inherits": {
      "version": "2.0.4",
      "resolved": "https://registry.npmjs.org/inherits/-/inherits-2.0.4.tgz",
      "integrity": "sha512-k/vGaX4/Yla3WzyMCvTQOXYeIHvqOKtnqBduzTHpzpQZzAskKMhZ2K+EnBiSM9zGSoIFeMpXKxa4dYeZIQqewQ=="
    },
    "node_modules/xorshift.js": {
      "version": "1.0.5",
      "resolved": "https://registry.npmjs.org/xorshift.js/-/xorshift.js-1.0.5.tgz",
      "integrity": "sha512-izfjE9osPb9sb8/jGf98AMOTdqdzYR+Jr2dD+tOWS9CpUNmAJ0w08TNcIidVzywpKehjzwqrFOAvx2WKJy/uGw==",
      "dependencies": {
        "inherits": "^2.0.1"
      }
    }
  },
  "dependencies": {
    "benchmark": {
      "version": "1.0.0",
      "resolved": "https://registry.npmjs.org/benchmark/-/benchmark-1.0.0.tgz",
      "integrity": "sha512-qSlOi0If8sI+icu3l/W5rd4R0etJz9orLPWpDdt1lPgEFzEHYYnkfMuotj+Lx5SyMkmfawlPoW9RmoEm19ziHA=="
    },
    "inherits": {
      "version": "2.0.4",
      "resolved": "https://registry.npmjs.org/inherits/-/inherits-2.0.4.tgz",
      "integrity": "sha512-k/vGaX4/Yla3WzyMCvTQOXYeIHvqOKtnqBduzTHpzpQZzAskKMhZ2K+EnBiSM9zGSoIFeMpXKxa4dYeZIQqewQ=="
    },
    "xorshift.js": {
      "version": "1.0.5",
      "resolved": "https://registry.npmjs.org/xorshift.js/-/xorshift.js-1.0.5.tgz",
      "integrity": "sha512-izfjE9osPb9sb8/jGf98AMOTdqdzYR+Jr2dD+tOWS9CpUNmAJ0w08TNcIidVzywpKehjzwqrFOAvx2WKJy/uGw==",
      "requires": {
        "inherits": "^2.0.1"
      }
    }
  }
}
